
Microsoft Visual Studio Solution File, Format Version 12.00
# Visual Studio Version 17
VisualStudioVersion = 17.2.32616.157
MinimumVisualStudioVersion = 10.0.40219.1
Project("{FAE04EC0-301F-11D3-BF4B-00C04F79EFBC}") = "Assembly-CSharp", "Assembly-CSharp.csproj", "{F7375D8E-DE62-60D4-AB21-D0DD36372836}"
EndProject
Global
	GlobalSection(SolutionConfigurationPlatforms) = preSolution
		Debug|Any CPU = Debug|Any CPU
		Release|Any CPU = Release|Any CPU
	EndGlobalSection
	GlobalSection(ProjectConfigurationPlatforms) = postSolution
		{F7375D8E-DE62-60D4-AB21-D0DD36372836}.Debug|Any CPU.ActiveCfg = Debug|Any CPU
		{F7375D8E-DE62-60D4-AB21-D0DD36372836}.Debug|Any CPU.Build.0 = Debug|Any CPU
		{F7375D8E-DE62-60D4-AB21-D0DD36372836}.Release|Any CPU.ActiveCfg = Release|Any CPU
		{F7375D8E-DE62-60D4-AB21-D0DD36372836}.Release|Any CPU.Build.0 = Release|Any CPU
	EndGlobalSection
	GlobalSection(SolutionProperties) = preSolution
		HideSolutionNode = FALSE
	EndGlobalSection
	GlobalSection(ExtensibilityGlobals) = postSolution
		SolutionGuid = {D2B79438-631F-4136-B222-42AD62A1FF73}
	EndGlobalSection
EndGlobal
